
Microsoft Visual Studio Solution File, Format Version 12.00
# Visual Studio Version 17
VisualStudioVersion = 17.10.34916.146
MinimumVisualStudioVersion = 10.0.40219.1
Project("{8BC9CEB8-8B4A-11D0-8D11-00A0C91BC942}") = "Engine", "Engine\Engine.vcxproj", "{5C8696B8-A791-407E-B7EE-3C72A28D422E}"
EndProject
Project("{8BC9CEB8-8B4A-11D0-8D11-00A0C91BC942}") = "Renderer", "Renderer\Renderer.vcxproj", "{E47F8775-4570-4E56-8924-E2659D8C5817}"
EndProject
Project("{8BC9CEB8-8B4A-11D0-8D11-00A0C91BC942}") = "SharedUtils", "SharedUtils\SharedUtils.vcxproj", "{4D043816-51BB-4563-9F40-FAB668C7894E}"
EndProject
Project("{8BC9CEB8-8B4A-11D0-8D11-00A0C91BC942}") = "Editor", "Editor\Editor.vcxproj", "{65F52C37-2CCF-40FA-9D91-5015426360AA}"
EndProject
Project("{8BC9CEB8-8B4A-11D0-8D11-00A0C91BC942}") = "Sandbox", "Sandbox\Sandbox.vcxproj", "{5EFC38C1-0618-495C-A205-E971A370A51E}"
EndProject
Global
	GlobalSection(SolutionConfigurationPlatforms) = preSolution
		Debug|x64 = Debug|x64
		Debug|x86 = Debug|x86
		Release|x64 = Release|x64
		Release|x86 = Release|x86
	EndGlobalSection
	GlobalSection(ProjectConfigurationPlatforms) = postSolution
		{5C8696B8-A791-407E-B7EE-3C72A28D422E}.Debug|x64.ActiveCfg = Debug|x64
		{5C8696B8-A791-407E-B7EE-3C72A28D422E}.Debug|x64.Build.0 = Debug|x64
		{5C8696B8-A791-407E-B7EE-3C72A28D422E}.Debug|x86.ActiveCfg = Debug|Win32
		{5C8696B8-A791-407E-B7EE-3C72A28D422E}.Debug|x86.Build.0 = Debug|Win32
		{5C8696B8-A791-407E-B7EE-3C72A28D422E}.Release|x64.ActiveCfg = Release|x64
		{5C8696B8-A791-407E-B7EE-3C72A28D422E}.Release|x64.Build.0 = Release|x64
		{5C8696B8-A791-407E-B7EE-3C72A28D422E}.Release|x86.ActiveCfg = Release|Win32
		{5C8696B8-A791-407E-B7EE-3C72A28D422E}.Release|x86.Build.0 = Release|Win32
		{E47F8775-4570-4E56-8924-E2659D8C5817}.Debug|x64.ActiveCfg = Debug|x64
		{E47F8775-4570-4E56-8924-E2659D8C5817}.Debug|x64.Build.0 = Debug|x64
		{E47F8775-4570-4E56-8924-E2659D8C5817}.Debug|x86.ActiveCfg = Debug|Win32
		{E47F8775-4570-4E56-8924-E2659D8C5817}.Debug|x86.Build.0 = Debug|Win32
		{E47F8775-4570-4E56-8924-E2659D8C5817}.Release|x64.ActiveCfg = Release|x64
		{E47F8775-4570-4E56-8924-E2659D8C5817}.Release|x64.Build.0 = Release|x64
		{E47F8775-4570-4E56-8924-E2659D8C5817}.Release|x86.ActiveCfg = Release|Win32
		{E47F8775-4570-4E56-8924-E2659D8C5817}.Release|x86.Build.0 = Release|Win32
		{4D043816-51BB-4563-9F40-FAB668C7894E}.Debug|x64.ActiveCfg = Debug|x64
		{4D043816-51BB-4563-9F40-FAB668C7894E}.Debug|x64.Build.0 = Debug|x64
		{4D043816-51BB-4563-9F40-FAB668C7894E}.Debug|x86.ActiveCfg = Debug|Win32
		{4D043816-51BB-4563-9F40-FAB668C7894E}.Debug|x86.Build.0 = Debug|Win32
		{4D043816-51BB-4563-9F40-FAB668C7894E}.Release|x64.ActiveCfg = Release|x64
		{4D043816-51BB-4563-9F40-FAB668C7894E}.Release|x64.Build.0 = Release|x64
		{4D043816-51BB-4563-9F40-FAB668C7894E}.Release|x86.ActiveCfg = Release|Win32
		{4D043816-51BB-4563-9F40-FAB668C7894E}.Release|x86.Build.0 = Release|Win32
		{65F52C37-2CCF-40FA-9D91-5015426360AA}.Debug|x64.ActiveCfg = Debug|x64
		{65F52C37-2CCF-40FA-9D91-5015426360AA}.Debug|x64.Build.0 = Debug|x64
		{65F52C37-2CCF-40FA-9D91-5015426360AA}.Debug|x86.ActiveCfg = Debug|Win32
		{65F52C37-2CCF-40FA-9D91-5015426360AA}.Debug|x86.Build.0 = Debug|Win32
		{65F52C37-2CCF-40FA-9D91-5015426360AA}.Release|x64.ActiveCfg = Release|x64
		{65F52C37-2CCF-40FA-9D91-5015426360AA}.Release|x64.Build.0 = Release|x64
		{65F52C37-2CCF-40FA-9D91-5015426360AA}.Release|x86.ActiveCfg = Release|Win32
		{65F52C37-2CCF-40FA-9D91-5015426360AA}.Release|x86.Build.0 = Release|Win32
		{5EFC38C1-0618-495C-A205-E971A370A51E}.Debug|x64.ActiveCfg = Debug|x64
		{5EFC38C1-0618-495C-A205-E971A370A51E}.Debug|x64.Build.0 = Debug|x64
		{5EFC38C1-0618-495C-A205-E971A370A51E}.Debug|x86.ActiveCfg = Debug|Win32
		{5EFC38C1-0618-495C-A205-E971A370A51E}.Debug|x86.Build.0 = Debug|Win32
		{5EFC38C1-0618-495C-A205-E971A370A51E}.Release|x64.ActiveCfg = Release|x64
		{5EFC38C1-0618-495C-A205-E971A370A51E}.Release|x64.Build.0 = Release|x64
		{5EFC38C1-0618-495C-A205-E971A370A51E}.Release|x86.ActiveCfg = Release|Win32
		{5EFC38C1-0618-495C-A205-E971A370A51E}.Release|x86.Build.0 = Release|Win32
	EndGlobalSection
	GlobalSection(SolutionProperties) = preSolution
		HideSolutionNode = FALSE
	EndGlobalSection
	GlobalSection(ExtensibilityGlobals) = postSolution
		SolutionGuid = {63D00293-F70F-4A0A-A125-7AA68E395B0A}
	EndGlobalSection
EndGlobal
