<?xml version="1.0" encoding="utf-8"?>
<Project ToolsVersion="4.0" xmlns="http://schemas.microsoft.com/developer/msbuild/2003">
  <ItemGroup>
    <Filter Include="Source Files">
      <UniqueIdentifier>{4FC737F1-C7A5-4376-A066-2A32D752A2FF}</UniqueIdentifier>
      <Extensions>cpp;c;cc;cxx;c++;cppm;ixx;def;odl;idl;hpj;bat;asm;asmx</Extensions>
    </Filter>
    <Filter Include="Header Files">
      <UniqueIdentifier>{93995380-89BD-4b04-88EB-625FBE52EBFB}</UniqueIdentifier>
      <Extensions>h;hh;hpp;hxx;h++;hm;inl;inc;ipp;xsd</Extensions>
    </Filter>
    <Filter Include="Resource Files">
      <UniqueIdentifier>{67DA6AB6-F800-4c08-8B7A-83BB121AAD01}</UniqueIdentifier>
      <Extensions>rc;ico;cur;bmp;dlg;rc2;rct;bin;rgs;gif;jpg;jpeg;jpe;resx;tiff;tif;png;wav;mfcribbon-ms</Extensions>
    </Filter>
  </ItemGroup>
  <ItemGroup>
    <ClCompile Include="src\Buffer.cpp">
      <Filter>Source Files</Filter>
    </ClCompile>
    <ClCompile Include="src\legacy\CommandBuffer.cpp">
      <Filter>Source Files</Filter>
    </ClCompile>
    <ClCompile Include="src\legacy\CommandPool.cpp">
      <Filter>Source Files</Filter>
    </ClCompile>
    <ClCompile Include="src\ComputePipeline.cpp">
      <Filter>Source Files</Filter>
    </ClCompile>
    <ClCompile Include="src\CreateRenderer.cpp">
      <Filter>Source Files</Filter>
    </ClCompile>
    <ClCompile Include="src\DebugMessenger.cpp">
      <Filter>Source Files</Filter>
    </ClCompile>
    <ClCompile Include="src\DescriptorAllocator.cpp">
      <Filter>Source Files</Filter>
    </ClCompile>
    <ClCompile Include="src\DescriptorAllocatorGrowable.cpp">
      <Filter>Source Files</Filter>
    </ClCompile>
    <ClCompile Include="src\DescriptorLayoutBuilder.cpp">
      <Filter>Source Files</Filter>
    </ClCompile>
    <ClCompile Include="src\DescriptorWriter.cpp">
      <Filter>Source Files</Filter>
    </ClCompile>
    <ClCompile Include="src\Device.cpp">
      <Filter>Source Files</Filter>
    </ClCompile>
    <ClCompile Include="src\FrameData.cpp">
      <Filter>Source Files</Filter>
    </ClCompile>
    <ClCompile Include="src\GPUMeshBuffers.cpp">
      <Filter>Source Files</Filter>
    </ClCompile>
    <ClCompile Include="src\GraphicsPipeline.cpp">
      <Filter>Source Files</Filter>
    </ClCompile>
    <ClCompile Include="src\GUI.cpp">
      <Filter>Source Files</Filter>
    </ClCompile>
    <ClCompile Include="src\legacy\OldImage.cpp">
      <Filter>Source Files</Filter>
    </ClCompile>
    <ClCompile Include="src\ImmediateCommands.cpp">
      <Filter>Source Files</Filter>
    </ClCompile>
    <ClCompile Include="src\legacy\Instance.cpp">
      <Filter>Source Files</Filter>
    </ClCompile>
    <ClCompile Include="src\LoadedGLTF.cpp">
      <Filter>Source Files</Filter>
    </ClCompile>
    <ClCompile Include="src\Mesh.cpp">
      <Filter>Source Files</Filter>
    </ClCompile>
    <ClCompile Include="src\MeshLoader.cpp">
      <Filter>Source Files</Filter>
    </ClCompile>
    <ClCompile Include="src\MeshNode.cpp">
      <Filter>Source Files</Filter>
    </ClCompile>
    <ClCompile Include="src\MetallicRoughness.cpp">
      <Filter>Source Files</Filter>
    </ClCompile>
    <ClCompile Include="src\Node.cpp">
      <Filter>Source Files</Filter>
    </ClCompile>
    <ClCompile Include="src\legacy\OldRenderer.cpp">
      <Filter>Source Files</Filter>
    </ClCompile>
    <ClCompile Include="src\PipelineBuilder.cpp">
      <Filter>Source Files</Filter>
    </ClCompile>
    <ClCompile Include="src\legacy\Queue.cpp">
      <Filter>Source Files</Filter>
    </ClCompile>
    <ClCompile Include="src\QueueFamilyIndices.cpp">
      <Filter>Source Files</Filter>
    </ClCompile>
    <ClCompile Include="src\Renderer.cpp">
      <Filter>Source Files</Filter>
    </ClCompile>
    <ClCompile Include="src\ResourceCache.cpp">
      <Filter>Source Files</Filter>
    </ClCompile>
    <ClCompile Include="src\ShaderCompiler.cpp">
      <Filter>Source Files</Filter>
    </ClCompile>
    <ClCompile Include="src\ShaderLoader.cpp">
      <Filter>Source Files</Filter>
    </ClCompile>
    <ClCompile Include="src\ShaderReflect.cpp">
      <Filter>Source Files</Filter>
    </ClCompile>
    <ClCompile Include="src\legacy\OldSwapChain.cpp">
      <Filter>Source Files</Filter>
    </ClCompile>
    <ClCompile Include="src\VKRenderer.cpp">
      <Filter>Source Files</Filter>
    </ClCompile>
    <ClCompile Include="src\VKUtils.cpp">
      <Filter>Source Files</Filter>
    </ClCompile>
    <ClCompile Include="src\legacy\VKWindow.cpp">
      <Filter>Source Files</Filter>
    </ClCompile>
    <ClCompile Include="src\legacy\OldVma.cpp">
      <Filter>Source Files</Filter>
    </ClCompile>
    <ClCompile Include="src\Window.cpp">
      <Filter>Source Files</Filter>
    </ClCompile>
    <ClCompile Include="src\VulkanContext.cpp">
      <Filter>Source Files</Filter>
    </ClCompile>
    <ClCompile Include="src\VmaUsage.cpp">
      <Filter>Source Files</Filter>
    </ClCompile>
    <ClCompile Include="src\SwapChain.cpp">
      <Filter>Source Files</Filter>
    </ClCompile>
    <ClCompile Include="src\Image.cpp">
      <Filter>Source Files</Filter>
    </ClCompile>
  </ItemGroup>
  <ItemGroup>
    <ClInclude Include="include\core\Buffer.h">
      <Filter>Header Files</Filter>
    </ClInclude>
    <ClInclude Include="include\legacy\OldCommandBuffer.h">
      <Filter>Header Files</Filter>
    </ClInclude>
    <ClInclude Include="include\legacy\OldCommandPool.h">
      <Filter>Header Files</Filter>
    </ClInclude>
    <ClInclude Include="include\core\ComputeEffect.h">
      <Filter>Header Files</Filter>
    </ClInclude>
    <ClInclude Include="include\core\ComputePipeline.h">
      <Filter>Header Files</Filter>
    </ClInclude>
    <ClInclude Include="include\legacy\OldDebugMessenger.h">
      <Filter>Header Files</Filter>
    </ClInclude>
    <ClInclude Include="include\legacy\OldDevice.h">
      <Filter>Header Files</Filter>
    </ClInclude>
    <ClInclude Include="include\core\FrameData.h">
      <Filter>Header Files</Filter>
    </ClInclude>
    <ClInclude Include="include\legacy\OldGraphicsPipeline.h">
      <Filter>Header Files</Filter>
    </ClInclude>
    <ClInclude Include="include\legacy\OldImage.h">
      <Filter>Header Files</Filter>
    </ClInclude>
    <ClInclude Include="include\core\ImmediateCommands.h">
      <Filter>Header Files</Filter>
    </ClInclude>
    <ClInclude Include="include\legacy\OldInstance.h">
      <Filter>Header Files</Filter>
    </ClInclude>
    <ClInclude Include="include\legacy\OldQueue.h">
      <Filter>Header Files</Filter>
    </ClInclude>
    <ClInclude Include="include\core\QueueFamilyIndices.h">
      <Filter>Header Files</Filter>
    </ClInclude>
    <ClInclude Include="include\legacy\OldSwapChain.h">
      <Filter>Header Files</Filter>
    </ClInclude>
    <ClInclude Include="include\core\SwapChainSupportDetails.h">
      <Filter>Header Files</Filter>
    </ClInclude>
    <ClInclude Include="include\legacy\OldVma.h">
      <Filter>Header Files</Filter>
    </ClInclude>
    <ClInclude Include="include\geometry\Bounds.h">
      <Filter>Header Files</Filter>
    </ClInclude>
    <ClInclude Include="include\geometry\GeoSurface.h">
      <Filter>Header Files</Filter>
    </ClInclude>
    <ClInclude Include="include\geometry\Mesh.h">
      <Filter>Header Files</Filter>
    </ClInclude>
    <ClInclude Include="include\geometry\Vertex.h">
      <Filter>Header Files</Filter>
    </ClInclude>
    <ClInclude Include="include\gpudata\GPUDrawPushConstants.h">
      <Filter>Header Files</Filter>
    </ClInclude>
    <ClInclude Include="include\gpudata\GPUMeshBuffers.h">
      <Filter>Header Files</Filter>
    </ClInclude>
    <ClInclude Include="include\gpudata\GPUSceneData.h">
      <Filter>Header Files</Filter>
    </ClInclude>
    <ClInclude Include="include\materials\Material.h">
      <Filter>Header Files</Filter>
    </ClInclude>
    <ClInclude Include="include\materials\MaterialInstance.h">
      <Filter>Header Files</Filter>
    </ClInclude>
    <ClInclude Include="include\materials\MaterialPass.h">
      <Filter>Header Files</Filter>
    </ClInclude>
    <ClInclude Include="include\materials\MetallicRoughness.h">
      <Filter>Header Files</Filter>
    </ClInclude>
    <ClInclude Include="include\nodes\IRenderable.h">
      <Filter>Header Files</Filter>
    </ClInclude>
    <ClInclude Include="include\nodes\MeshNode.h">
      <Filter>Header Files</Filter>
    </ClInclude>
    <ClInclude Include="include\nodes\Node.h">
      <Filter>Header Files</Filter>
    </ClInclude>
    <ClInclude Include="include\rendercontext\DrawContext.h">
      <Filter>Header Files</Filter>
    </ClInclude>
    <ClInclude Include="include\rendercontext\RenderObject.h">
      <Filter>Header Files</Filter>
    </ClInclude>
    <ClInclude Include="include\utils\descriptor\DescriptorAllocator.h">
      <Filter>Header Files</Filter>
    </ClInclude>
    <ClInclude Include="include\utils\descriptor\DescriptorAllocatorGrowable.h">
      <Filter>Header Files</Filter>
    </ClInclude>
    <ClInclude Include="include\utils\descriptor\DescriptorLayoutBuilder.h">
      <Filter>Header Files</Filter>
    </ClInclude>
    <ClInclude Include="include\utils\descriptor\DescriptorWriter.h">
      <Filter>Header Files</Filter>
    </ClInclude>
    <ClInclude Include="include\utils\shader\ShaderCompiler.h">
      <Filter>Header Files</Filter>
    </ClInclude>
    <ClInclude Include="include\utils\shader\ShaderLoader.h">
      <Filter>Header Files</Filter>
    </ClInclude>
    <ClInclude Include="include\utils\shader\ShaderReflect.h">
      <Filter>Header Files</Filter>
    </ClInclude>
    <ClInclude Include="include\utils\Forwards.h">
      <Filter>Header Files</Filter>
    </ClInclude>
    <ClInclude Include="include\utils\GUI.h">
      <Filter>Header Files</Filter>
    </ClInclude>
    <ClInclude Include="include\utils\LoadedGLTF.h">
      <Filter>Header Files</Filter>
    </ClInclude>
    <ClInclude Include="include\utils\MeshLoader.h">
      <Filter>Header Files</Filter>
    </ClInclude>
    <ClInclude Include="include\utils\OldNode.h">
      <Filter>Header Files</Filter>
    </ClInclude>
    <ClInclude Include="include\utils\PipelineBuilder.h">
      <Filter>Header Files</Filter>
    </ClInclude>
    <ClInclude Include="include\utils\QuickMacros.h">
      <Filter>Header Files</Filter>
    </ClInclude>
    <ClInclude Include="include\utils\RenderStats.h">
      <Filter>Header Files</Filter>
    </ClInclude>
    <ClInclude Include="include\utils\ResourceCache.h">
      <Filter>Header Files</Filter>
    </ClInclude>
    <ClInclude Include="include\utils\VKCommon.hpp">
      <Filter>Header Files</Filter>
    </ClInclude>
    <ClInclude Include="include\utils\VKUtils.h">
      <Filter>Header Files</Filter>
    </ClInclude>
    <ClInclude Include="include\window\VKWindow.h">
      <Filter>Header Files</Filter>
    </ClInclude>
    <ClInclude Include="include\window\Window.h">
      <Filter>Header Files</Filter>
    </ClInclude>
    <ClInclude Include="include\CreateRenderer.h">
      <Filter>Header Files</Filter>
    </ClInclude>
    <ClInclude Include="include\MVPUbo.h">
      <Filter>Header Files</Filter>
    </ClInclude>
    <ClInclude Include="include\Renderer.h">
      <Filter>Header Files</Filter>
    </ClInclude>
    <ClInclude Include="include\VKRenderer.h">
      <Filter>Header Files</Filter>
    </ClInclude>
    <ClInclude Include="include\utils\VkConstants.h">
      <Filter>Header Files</Filter>
    </ClInclude>
    <ClInclude Include="include\core\VulkanContext.h">
      <Filter>Header Files</Filter>
    </ClInclude>
    <ClInclude Include="include\utils\VKInclude.h">
      <Filter>Header Files</Filter>
    </ClInclude>
    <ClInclude Include="include\core\VmaUsage.h">
      <Filter>Header Files</Filter>
    </ClInclude>
    <ClInclude Include="include\core\SwapChain.h">
      <Filter>Header Files</Filter>
    </ClInclude>
    <ClInclude Include="include\core\Image.h">
      <Filter>Header Files</Filter>
    </ClInclude>
  </ItemGroup>
</Project>